
Microsoft Visual Studio Solution File, Format Version 12.00
# Visual Studio Version 17
VisualStudioVersion = 17.2.32519.379
MinimumVisualStudioVersion = 10.0.40219.1
Project("{FAE04EC0-301F-11D3-BF4B-00C04F79EFBC}") = "SalaryCalculatorApp", "SalaryCalculatorApp\SalaryCalculatorApp.csproj", "{7C239540-DEA4-4370-AA9E-01CC1CF11D10}"
EndProject
Project("{FAE04EC0-301F-11D3-BF4B-00C04F79EFBC}") = "Infrastructure", "Infrastructure\Infrastructure.csproj", "{3BC965FA-53CD-491E-A1B7-BE019E23C9C1}"
EndProject
Global
	GlobalSection(SolutionConfigurationPlatforms) = preSolution
		Debug|Any CPU = Debug|Any CPU
		Release|Any CPU = Release|Any CPU
	EndGlobalSection
	GlobalSection(ProjectConfigurationPlatforms) = postSolution
		{7C239540-DEA4-4370-AA9E-01CC1CF11D10}.Debug|Any CPU.ActiveCfg = Debug|Any CPU
		{7C239540-DEA4-4370-AA9E-01CC1CF11D10}.Debug|Any CPU.Build.0 = Debug|Any CPU
		{7C239540-DEA4-4370-AA9E-01CC1CF11D10}.Release|Any CPU.ActiveCfg = Release|Any CPU
		{7C239540-DEA4-4370-AA9E-01CC1CF11D10}.Release|Any CPU.Build.0 = Release|Any CPU
		{3BC965FA-53CD-491E-A1B7-BE019E23C9C1}.Debug|Any CPU.ActiveCfg = Debug|Any CPU
		{3BC965FA-53CD-491E-A1B7-BE019E23C9C1}.Debug|Any CPU.Build.0 = Debug|Any CPU
		{3BC965FA-53CD-491E-A1B7-BE019E23C9C1}.Release|Any CPU.ActiveCfg = Release|Any CPU
		{3BC965FA-53CD-491E-A1B7-BE019E23C9C1}.Release|Any CPU.Build.0 = Release|Any CPU
	EndGlobalSection
	GlobalSection(SolutionProperties) = preSolution
		HideSolutionNode = FALSE
	EndGlobalSection
	GlobalSection(ExtensibilityGlobals) = postSolution
		SolutionGuid = {33453063-4B6D-43E8-B386-85745F11470F}
	EndGlobalSection
EndGlobal
